{
  "name": "egg",
  "version": "1.0.0",
  "lockfileVersion": 1,
  "requires": true,
  "dependencies": {
    "@types/check-types": {
      "version": "7.3.1",
      "resolved": "https://registry.npmjs.org/@types/check-types/-/check-types-7.3.1.tgz",
      "integrity": "sha512-ngdPEVdU7HMFoDWBibpBB2T59WKhn832O19s1xWhbbPVC/FoMJSetj/8V68p6L28oeU2wPSVfeP4GX0AmxLKUw=="
    },
    "check-types": {
      "version": "11.0.0",
      "resolved": "https://registry.npmjs.org/check-types/-/check-types-11.0.0.tgz",
      "integrity": "sha512-EisRwz7a/Pdh41CONnDB+IIpVcNaG9hDWprX8RxVMLAqIWpVgKcmKZF9L5yDLXtCCEr4nvp8OuZQHooe9+kkrA=="
    }
  }
}
